{
  "name": "microverse-awesome-books-with-es6",
  "version": "1.0.0",
  "lockfileVersion": 2,
  "requires": true,
  "packages": {
    "": {
      "name": "microverse-awesome-books-with-es6",
      "version": "1.0.0",
      "license": "ISC",
      "devDependencies": {
        "@types/luxon": "^3.3.0"
      }
    },
    "node_modules/@types/luxon": {
      "version": "3.3.0",
      "resolved": "https://registry.npmjs.org/@types/luxon/-/luxon-3.3.0.tgz",
      "integrity": "sha512-uKRI5QORDnrGFYgcdAVnHvEIvEZ8noTpP/Bg+HeUzZghwinDlIS87DEenV5r1YoOF9G4x600YsUXLWZ19rmTmg==",
      "dev": true
    }
  },
  "dependencies": {
    "@types/luxon": {
      "version": "3.3.0",
      "resolved": "https://registry.npmjs.org/@types/luxon/-/luxon-3.3.0.tgz",
      "integrity": "sha512-uKRI5QORDnrGFYgcdAVnHvEIvEZ8noTpP/Bg+HeUzZghwinDlIS87DEenV5r1YoOF9G4x600YsUXLWZ19rmTmg==",
      "dev": true
    }
  }
}
